
Microsoft Visual Studio Solution File, Format Version 12.00
# Visual Studio Version 17
VisualStudioVersion = 17.2.32616.157
MinimumVisualStudioVersion = 10.0.40219.1
Project("{FAE04EC0-301F-11D3-BF4B-00C04F79EFBC}") = "TechnicalTestCrawler", "TechnicalTestCrawler\TechnicalTestCrawler.csproj", "{88EE3650-4A40-43A5-BD7F-3B95A3CCBD08}"
EndProject
Project("{FAE04EC0-301F-11D3-BF4B-00C04F79EFBC}") = "TechnicalTestCrawler.Domain", "TechnicalTestCrawler.Domain\TechnicalTestCrawler.Domain.csproj", "{D4FF0B08-728E-46F2-8504-AEE027827B1B}"
EndProject
Project("{FAE04EC0-301F-11D3-BF4B-00C04F79EFBC}") = "TechnicalTestCrawler.Infra", "TechnicalTestCrawler.Infra\TechnicalTestCrawler.Infra.csproj", "{DFD97F5C-7271-4EBD-8099-52E5AFB0DAA9}"
EndProject
Global
	GlobalSection(SolutionConfigurationPlatforms) = preSolution
		Debug|Any CPU = Debug|Any CPU
		Release|Any CPU = Release|Any CPU
	EndGlobalSection
	GlobalSection(ProjectConfigurationPlatforms) = postSolution
		{88EE3650-4A40-43A5-BD7F-3B95A3CCBD08}.Debug|Any CPU.ActiveCfg = Debug|Any CPU
		{88EE3650-4A40-43A5-BD7F-3B95A3CCBD08}.Debug|Any CPU.Build.0 = Debug|Any CPU
		{88EE3650-4A40-43A5-BD7F-3B95A3CCBD08}.Release|Any CPU.ActiveCfg = Release|Any CPU
		{88EE3650-4A40-43A5-BD7F-3B95A3CCBD08}.Release|Any CPU.Build.0 = Release|Any CPU
		{D4FF0B08-728E-46F2-8504-AEE027827B1B}.Debug|Any CPU.ActiveCfg = Debug|Any CPU
		{D4FF0B08-728E-46F2-8504-AEE027827B1B}.Debug|Any CPU.Build.0 = Debug|Any CPU
		{D4FF0B08-728E-46F2-8504-AEE027827B1B}.Release|Any CPU.ActiveCfg = Release|Any CPU
		{D4FF0B08-728E-46F2-8504-AEE027827B1B}.Release|Any CPU.Build.0 = Release|Any CPU
		{DFD97F5C-7271-4EBD-8099-52E5AFB0DAA9}.Debug|Any CPU.ActiveCfg = Debug|Any CPU
		{DFD97F5C-7271-4EBD-8099-52E5AFB0DAA9}.Debug|Any CPU.Build.0 = Debug|Any CPU
		{DFD97F5C-7271-4EBD-8099-52E5AFB0DAA9}.Release|Any CPU.ActiveCfg = Release|Any CPU
		{DFD97F5C-7271-4EBD-8099-52E5AFB0DAA9}.Release|Any CPU.Build.0 = Release|Any CPU
	EndGlobalSection
	GlobalSection(SolutionProperties) = preSolution
		HideSolutionNode = FALSE
	EndGlobalSection
	GlobalSection(ExtensibilityGlobals) = postSolution
		SolutionGuid = {6E1FCA11-518E-40A0-A484-D96E65060242}
	EndGlobalSection
EndGlobal
